
Microsoft Visual Studio Solution File, Format Version 12.00
# Visual Studio 14
VisualStudioVersion = 14.0.24720.0
MinimumVisualStudioVersion = 10.0.40219.1
Project("{FAE04EC0-301F-11D3-BF4B-00C04F79EFBC}") = "Wheel.Extensions", "src\Wheel.Extensions.csproj", "{78657A1B-5356-4680-8C07-93FE0D3B93F0}"
EndProject
Project("{FAE04EC0-301F-11D3-BF4B-00C04F79EFBC}") = "testWheel.Extensions", "test\testWheel.Extensions.csproj", "{13168B09-37EE-4C10-8E97-6FA51442ED14}"
EndProject
Global
	GlobalSection(SolutionConfigurationPlatforms) = preSolution
		Debug|Any CPU = Debug|Any CPU
		Release|Any CPU = Release|Any CPU
	EndGlobalSection
	GlobalSection(ProjectConfigurationPlatforms) = postSolution
		{78657A1B-5356-4680-8C07-93FE0D3B93F0}.Debug|Any CPU.ActiveCfg = Debug|Any CPU
		{78657A1B-5356-4680-8C07-93FE0D3B93F0}.Debug|Any CPU.Build.0 = Debug|Any CPU
		{78657A1B-5356-4680-8C07-93FE0D3B93F0}.Release|Any CPU.ActiveCfg = Release|Any CPU
		{78657A1B-5356-4680-8C07-93FE0D3B93F0}.Release|Any CPU.Build.0 = Release|Any CPU
		{13168B09-37EE-4C10-8E97-6FA51442ED14}.Debug|Any CPU.ActiveCfg = Debug|Any CPU
		{13168B09-37EE-4C10-8E97-6FA51442ED14}.Debug|Any CPU.Build.0 = Debug|Any CPU
		{13168B09-37EE-4C10-8E97-6FA51442ED14}.Release|Any CPU.ActiveCfg = Release|Any CPU
		{13168B09-37EE-4C10-8E97-6FA51442ED14}.Release|Any CPU.Build.0 = Release|Any CPU
	EndGlobalSection
	GlobalSection(SolutionProperties) = preSolution
		HideSolutionNode = FALSE
	EndGlobalSection
EndGlobal
